<?xml version="1.0" encoding="utf-8"?>
<Project ToolsVersion="4.0" xmlns="http://schemas.microsoft.com/developer/msbuild/2003">
  <ItemGroup>
    <Filter Include="Source Files">
      <UniqueIdentifier>{4FC737F1-C7A5-4376-A066-2A32D752A2FF}</UniqueIdentifier>
      <Extensions>cpp;c;cc;cxx;def;odl;idl;hpj;bat;asm;asmx</Extensions>
    </Filter>
    <Filter Include="Header Files">
      <UniqueIdentifier>{93995380-89BD-4b04-88EB-625FBE52EBFB}</UniqueIdentifier>
      <Extensions>h;hh;hpp;hxx;hm;inl;inc;xsd</Extensions>
    </Filter>
    <Filter Include="Resource Files">
      <UniqueIdentifier>{67DA6AB6-F800-4c08-8B7A-83BB121AAD01}</UniqueIdentifier>
      <Extensions>rc;ico;cur;bmp;dlg;rc2;rct;bin;rgs;gif;jpg;jpeg;jpe;resx;tiff;tif;png;wav;mfcribbon-ms</Extensions>
    </Filter>
    <Filter Include="Header Files\World">
      <UniqueIdentifier>{540761df-9565-4f27-9bd5-7a832e6a4c6f}</UniqueIdentifier>
    </Filter>
    <Filter Include="Source Files\World">
      <UniqueIdentifier>{0235d65f-9d58-47ac-b030-8c21222c5ff8}</UniqueIdentifier>
    </Filter>
    <Filter Include="Header Files\Math">
      <UniqueIdentifier>{c4c40e31-10ec-4700-b095-98fc03aefb14}</UniqueIdentifier>
    </Filter>
    <Filter Include="Header Files\Network">
      <UniqueIdentifier>{858e304e-0a45-40d4-b018-7c8ba8423312}</UniqueIdentifier>
    </Filter>
    <Filter Include="Source Files\Network">
      <UniqueIdentifier>{d5da50d7-f602-47ab-91ae-d5e31351f31e}</UniqueIdentifier>
    </Filter>
    <Filter Include="Header Files\IO">
      <UniqueIdentifier>{34cb1552-2980-4970-9a3a-53062b8164c8}</UniqueIdentifier>
    </Filter>
    <Filter Include="Source Files\IO">
      <UniqueIdentifier>{c9a26340-aba0-45e4-92f1-bd9d242aa151}</UniqueIdentifier>
    </Filter>
    <Filter Include="Source Files\World\Chunk">
      <UniqueIdentifier>{342ecead-3de9-44fd-b6d9-dc9457219898}</UniqueIdentifier>
    </Filter>
    <Filter Include="Header Files\World\Chunk">
      <UniqueIdentifier>{6eb9f765-fdff-4b97-8ca8-018ae4462752}</UniqueIdentifier>
    </Filter>
  </ItemGroup>
  <ItemGroup>
    <ClCompile Include="main.cpp">
      <Filter>Source Files</Filter>
    </ClCompile>
    <ClCompile Include="Renderer.cpp">
      <Filter>Source Files</Filter>
    </ClCompile>
    <ClCompile Include="Game.cpp">
      <Filter>Source Files</Filter>
    </ClCompile>
    <ClCompile Include="Player.cpp">
      <Filter>Source Files</Filter>
    </ClCompile>
    <ClCompile Include="World\World.cpp">
      <Filter>Source Files\World</Filter>
    </ClCompile>
    <ClCompile Include="World\Chunk\ChunkMeshBuilder.cpp">
      <Filter>Source Files</Filter>
    </ClCompile>
    <ClCompile Include="Network\Packet.cpp">
      <Filter>Source Files\Network</Filter>
    </ClCompile>
    <ClCompile Include="World\Chunk\ChunkData.cpp">
      <Filter>Source Files\World\Chunk</Filter>
    </ClCompile>
    <ClCompile Include="World\Chunk\Chunk.cpp">
      <Filter>Source Files\World\Chunk</Filter>
    </ClCompile>
  </ItemGroup>
  <ItemGroup>
    <ClInclude Include="Renderer.h">
      <Filter>Header Files</Filter>
    </ClInclude>
    <ClInclude Include="Header.h">
      <Filter>Header Files</Filter>
    </ClInclude>
    <ClInclude Include="Game.h">
      <Filter>Header Files</Filter>
    </ClInclude>
    <ClInclude Include="Player.h">
      <Filter>Header Files</Filter>
    </ClInclude>
    <ClInclude Include="World\World.h">
      <Filter>Header Files\World</Filter>
    </ClInclude>
    <ClInclude Include="World\WorldConstants.h">
      <Filter>Header Files\World</Filter>
    </ClInclude>
    <ClInclude Include="Math\Vec2.h">
      <Filter>Header Files\Math</Filter>
    </ClInclude>
    <ClInclude Include="Math\Math.h">
      <Filter>Header Files\Math</Filter>
    </ClInclude>
    <ClInclude Include="World\Chunk\ChunkMeshBuilder.h">
      <Filter>Header Files</Filter>
    </ClInclude>
    <ClInclude Include="Math\Vec3.h">
      <Filter>Header Files\Math</Filter>
    </ClInclude>
    <ClInclude Include="Network\Packet.h">
      <Filter>Header Files\Network</Filter>
    </ClInclude>
    <ClInclude Include="IO\Serializable.h">
      <Filter>Header Files\IO</Filter>
    </ClInclude>
    <ClInclude Include="World\Chunk\ChunkData.h">
      <Filter>Header Files\World\Chunk</Filter>
    </ClInclude>
    <ClInclude Include="World\Chunk\Chunk.h">
      <Filter>Header Files\World\Chunk</Filter>
    </ClInclude>
  </ItemGroup>
</Project>